// !$*UTF8*$!
{
	archiveVersion = 1;
	classes = {
	};
	objectVersion = 46;
	objects = {

/* Begin PBXBuildFile section */
		A236AA801AB90B830065745B /* main.m in Sources */ = {isa = PBXBuildFile; fileRef = A236AA7F1AB90B830065745B /* main.m */; };
		A236AA831AB90B830065745B /* AppDelegate.m in Sources */ = {isa = PBXBuildFile; fileRef = A236AA821AB90B830065745B /* AppDelegate.m */; };
		A236AA861AB90B830065745B /* ViewController.m in Sources */ = {isa = PBXBuildFile; fileRef = A236AA851AB90B830065745B /* ViewController.m */; };
		A236AA891AB90B830065745B /* Main.storyboard in Resources */ = {isa = PBXBuildFile; fileRef = A236AA871AB90B830065745B /* Main.storyboard */; };
		A236AA8B1AB90B830065745B /* Images.xcassets in Resources */ = {isa = PBXBuildFile; fileRef = A236AA8A1AB90B830065745B /* Images.xcassets */; };
		A236AA8E1AB90B830065745B /* LaunchScreen.xib in Resources */ = {isa = PBXBuildFile; fileRef = A236AA8C1AB90B830065745B /* LaunchScreen.xib */; };
		A236AA9A1AB90B830065745B /* json_tutorialTests.m in Sources */ = {isa = PBXBuildFile; fileRef = A236AA991AB90B830065745B /* json_tutorialTests.m */; };
/* End PBXBuildFile section */

/* Begin PBXContainerItemProxy section */
		A236AA941AB90B830065745B /* PBXContainerItemProxy */ = {
			isa = PBXContainerItemProxy;
			containerPortal = A236AA721AB90B830065745B /* Project object */;
			proxyType = 1;
			remoteGlobalIDString = A236AA791AB90B830065745B;
			remoteInfo = "json tutorial";
		};
/* End PBXContainerItemProxy section */

/* Begin PBXFileReference section */
		A236AA7A1AB90B830065745B /* json tutorial.app */ = {isa = PBXFileReference; explicitFileType = wrapper.application; includeInIndex = 0; path = "json tutorial.app"; sourceTree = BUILT_PRODUCTS_DIR; };
		A236AA7E1AB90B830065745B /* Info.plist */ = {isa = PBXFileReference; lastKnownFileType = text.plist.xml; path = Info.plist; sourceTree = "<group>"; };
		A236AA7F1AB90B830065745B /* main.m */ = {isa = PBXFileReference; lastKnownFileType = sourcecode.c.objc; path = main.m; sourceTree = "<group>"; };
		A236AA811AB90B830065745B /* AppDelegate.h */ = {isa = PBXFileReference; lastKnownFileType = sourcecode.c.h; path = AppDelegate.h; sourceTree = "<group>"; };
		A236AA821AB90B830065745B /* AppDelegate.m */ = {isa = PBXFileReference; lastKnownFileType = sourcecode.c.objc; path = AppDelegate.m; sourceTree = "<group>"; };
		A236AA841AB90B830065745B /* ViewController.h */ = {isa = PBXFileReference; lastKnownFileType = sourcecode.c.h; path = ViewController.h; sourceTree = "<group>"; };
		A236AA851AB90B830065745B /* ViewController.m */ = {isa = PBXFileReference; lastKnownFileType = sourcecode.c.objc; path = ViewController.m; sourceTree = "<group>"; };
		A236AA881AB90B830065745B /* Base */ = {isa = PBXFileReference; lastKnownFileType = file.storyboard; name = Base; path = Base.lproj/Main.storyboard; sourceTree = "<group>"; };
		A236AA8A1AB90B830065745B /* Images.xcassets */ = {isa = PBXFileReference; lastKnownFileType = folder.assetcatalog; path = Images.xcassets; sourceTree = "<group>"; };
		A236AA8D1AB90B830065745B /* Base */ = {isa = PBXFileReference; lastKnownFileType = file.xib; name = Base; path = Base.lproj/LaunchScreen.xib; sourceTree = "<group>"; };
		A236AA931AB90B830065745B /* json tutorialTests.xctest */ = {isa = PBXFileReference; explicitFileType = wrapper.cfbundle; includeInIndex = 0; path = "json tutorialTests.xctest"; sourceTree = BUILT_PRODUCTS_DIR; };
		A236AA981AB90B830065745B /* Info.plist */ = {isa = PBXFileReference; lastKnownFileType = text.plist.xml; path = Info.plist; sourceTree = "<group>"; };
		A236AA991AB90B830065745B /* json_tutorialTests.m */ = {isa = PBXFileReference; lastKnownFileType = sourcecode.c.objc; path = json_tutorialTests.m; sourceTree = "<group>"; };
/* End PBXFileReference section */

/* Begin PBXFrameworksBuildPhase section */
		A236AA771AB90B830065745B /* Frameworks */ = {
			isa = PBXFrameworksBuildPhase;
			buildActionMask = 2147483647;
			files = (
			);
			runOnlyForDeploymentPostprocessing = 0;
		};
		A236AA901AB90B830065745B /* Frameworks */ = {
			isa = PBXFrameworksBuildPhase;
			buildActionMask = 2147483647;
			files = (
			);
			runOnlyForDeploymentPostprocessing = 0;
		};
/* End PBXFrameworksBuildPhase section */

/* Begin PBXGroup section */
		A236AA711AB90B830065745B = {
			isa = PBXGroup;
			children = (
				A236AA7C1AB90B830065745B /* json tutorial */,
				A236AA961AB90B830065745B /* json tutorialTests */,
				A236AA7B1AB90B830065745B /* Products */,
			);
			sourceTree = "<group>";
		};
		A236AA7B1AB90B830065745B /* Products */ = {
			isa = PBXGroup;
			children = (
				A236AA7A1AB90B830065745B /* json tutorial.app */,
				A236AA931AB90B830065745B /* json tutorialTests.xctest */,
			);
			name = Products;
			sourceTree = "<group>";
		};
		A236AA7C1AB90B830065745B /* json tutorial */ = {
			isa = PBXGroup;
			children = (
				A236AAA41AB90C140065745B /* main */,
				A236AAA31AB90BF50065745B /* controllers */,
				A236AA871AB90B830065745B /* Main.storyboard */,
				A236AA8A1AB90B830065745B /* Images.xcassets */,
				A236AA8C1AB90B830065745B /* LaunchScreen.xib */,
				A236AA7D1AB90B830065745B /* Supporting Files */,
			);
			path = "json tutorial";
			sourceTree = "<group>";
		};
		A236AA7D1AB90B830065745B /* Supporting Files */ = {
			isa = PBXGroup;
			children = (
				A236AA7E1AB90B830065745B /* Info.plist */,
				A236AA7F1AB90B830065745B /* main.m */,
			);
			name = "Supporting Files";
			sourceTree = "<group>";
		};
		A236AA961AB90B830065745B /* json tutorialTests */ = {
			isa = PBXGroup;
			children = (
				A236AA991AB90B830065745B /* json_tutorialTests.m */,
				A236AA971AB90B830065745B /* Supporting Files */,
			);
			path = "json tutorialTests";
			sourceTree = "<group>";
		};
		A236AA971AB90B830065745B /* Supporting Files */ = {
			isa = PBXGroup;
			children = (
				A236AA981AB90B830065745B /* Info.plist */,
			);
			name = "Supporting Files";
			sourceTree = "<group>";
		};
		A236AAA31AB90BF50065745B /* controllers */ = {
			isa = PBXGroup;
			children = (
				A236AA841AB90B830065745B /* ViewController.h */,
				A236AA851AB90B830065745B /* ViewController.m */,
			);
			name = controllers;
			sourceTree = "<group>";
		};
		A236AAA41AB90C140065745B /* main */ = {
			isa = PBXGroup;
			children = (
				A236AA811AB90B830065745B /* AppDelegate.h */,
				A236AA821AB90B830065745B /* AppDelegate.m */,
			);
			name = main;
			sourceTree = "<group>";
		};
/* End PBXGroup section */

/* Begin PBXNativeTarget section */
		A236AA791AB90B830065745B /* json tutorial */ = {
			isa = PBXNativeTarget;
			buildConfigurationList = A236AA9D1AB90B830065745B /* Build configuration list for PBXNativeTarget "json tutorial" */;
			buildPhases = (
				A236AA761AB90B830065745B /* Sources */,
				A236AA771AB90B830065745B /* Frameworks */,
				A236AA781AB90B830065745B /* Resources */,
			);
			buildRules = (
			);
			dependencies = (
			);
			name = "json tutorial";
			productName = "json tutorial";
			productReference = A236AA7A1AB90B830065745B /* json tutorial.app */;
			productType = "com.apple.product-type.application";
		};
		A236AA921AB90B830065745B /* json tutorialTests */ = {
			isa = PBXNativeTarget;
			buildConfigurationList = A236AAA01AB90B830065745B /* Build configuration list for PBXNativeTarget "json tutorialTests" */;
			buildPhases = (
				A236AA8F1AB90B830065745B /* Sources */,
				A236AA901AB90B830065745B /* Frameworks */,
				A236AA911AB90B830065745B /* Resources */,
			);
			buildRules = (
			);
			dependencies = (
				A236AA951AB90B830065745B /* PBXTargetDependency */,
			);
			name = "json tutorialTests";
			productName = "json tutorialTests";
			productReference = A236AA931AB90B830065745B /* json tutorialTests.xctest */;
			productType = "com.apple.product-type.bundle.unit-test";
		};
/* End PBXNativeTarget section */

/* Begin PBXProject section */
		A236AA721AB90B830065745B /* Project object */ = {
			isa = PBXProject;
			attributes = {
				LastUpgradeCheck = 0610;
				ORGANIZATIONNAME = "Carolina Lopez";
				TargetAttributes = {
					A236AA791AB90B830065745B = {
						CreatedOnToolsVersion = 6.1.1;
					};
					A236AA921AB90B830065745B = {
						CreatedOnToolsVersion = 6.1.1;
						TestTargetID = A236AA791AB90B830065745B;
					};
				};
			};
			buildConfigurationList = A236AA751AB90B830065745B /* Build configuration list for PBXProject "json tutorial" */;
			compatibilityVersion = "Xcode 3.2";
			developmentRegion = English;
			hasScannedForEncodings = 0;
			knownRegions = (
				en,
				Base,
			);
			mainGroup = A236AA711AB90B830065745B;
			productRefGroup = A236AA7B1AB90B830065745B /* Products */;
			projectDirPath = "";
			projectRoot = "";
			targets = (
				A236AA791AB90B830065745B /* json tutorial */,
				A236AA921AB90B830065745B /* json tutorialTests */,
			);
		};
/* End PBXProject section */

/* Begin PBXResourcesBuildPhase section */
		A236AA781AB90B830065745B /* Resources */ = {
			isa = PBXResourcesBuildPhase;
			buildActionMask = 2147483647;
			files = (
				A236AA891AB90B830065745B /* Main.storyboard in Resources */,
				A236AA8E1AB90B830065745B /* LaunchScreen.xib in Resources */,
				A236AA8B1AB90B830065745B /* Images.xcassets in Resources */,
			);
			runOnlyForDeploymentPostprocessing = 0;
		};
		A236AA911AB90B830065745B /* Resources */ = {
			isa = PBXResourcesBuildPhase;
			buildActionMask = 2147483647;
			files = (
			);
			runOnlyForDeploymentPostprocessing = 0;
		};
/* End PBXResourcesBuildPhase section */

/* Begin PBXSourcesBuildPhase section */
		A236AA761AB90B830065745B /* Sources */ = {
			isa = PBXSourcesBuildPhase;
			buildActionMask = 2147483647;
			files = (
				A236AA861AB90B830065745B /* ViewController.m in Sources */,
				A236AA831AB90B830065745B /* AppDelegate.m in Sources */,
				A236AA801AB90B830065745B /* main.m in Sources */,
			);
			runOnlyForDeploymentPostprocessing = 0;
		};
		A236AA8F1AB90B830065745B /* Sources */ = {
			isa = PBXSourcesBuildPhase;
			buildActionMask = 2147483647;
			files = (
				A236AA9A1AB90B830065745B /* json_tutorialTests.m in Sources */,
			);
			runOnlyForDeploymentPostprocessing = 0;
		};
/* End PBXSourcesBuildPhase section */

/* Begin PBXTargetDependency section */
		A236AA951AB90B830065745B /* PBXTargetDependency */ = {
			isa = PBXTargetDependency;
			target = A236AA791AB90B830065745B /* json tutorial */;
			targetProxy = A236AA941AB90B830065745B /* PBXContainerItemProxy */;
		};
/* End PBXTargetDependency section */

/* Begin PBXVariantGroup section */
		A236AA871AB90B830065745B /* Main.storyboard */ = {
			isa = PBXVariantGroup;
			children = (
				A236AA881AB90B830065745B /* Base */,
			);
			name = Main.storyboard;
			sourceTree = "<group>";
		};
		A236AA8C1AB90B830065745B /* LaunchScreen.xib */ = {
			isa = PBXVariantGroup;
			children = (
				A236AA8D1AB90B830065745B /* Base */,
			);
			name = LaunchScreen.xib;
			sourceTree = "<group>";
		};
/* End PBXVariantGroup section */

/* Begin XCBuildConfiguration section */
		A236AA9B1AB90B830065745B /* Debug */ = {
			isa = XCBuildConfiguration;
			buildSettings = {
				ALWAYS_SEARCH_USER_PATHS = NO;
				CLANG_CXX_LANGUAGE_STANDARD = "gnu++0x";
				CLANG_CXX_LIBRARY = "libc++";
				CLANG_ENABLE_MODULES = YES;
				CLANG_ENABLE_OBJC_ARC = YES;
				CLANG_WARN_BOOL_CONVERSION = YES;
				CLANG_WARN_CONSTANT_CONVERSION = YES;
				CLANG_WARN_DIRECT_OBJC_ISA_USAGE = YES_ERROR;
				CLANG_WARN_EMPTY_BODY = YES;
				CLANG_WARN_ENUM_CONVERSION = YES;
				CLANG_WARN_INT_CONVERSION = YES;
				CLANG_WARN_OBJC_ROOT_CLASS = YES_ERROR;
				CLANG_WARN_UNREACHABLE_CODE = YES;
				CLANG_WARN__DUPLICATE_METHOD_MATCH = YES;
				"CODE_SIGN_IDENTITY[sdk=iphoneos*]" = "iPhone Developer";
				COPY_PHASE_STRIP = NO;
				ENABLE_STRICT_OBJC_MSGSEND = YES;
				GCC_C_LANGUAGE_STANDARD = gnu99;
				GCC_DYNAMIC_NO_PIC = NO;
				GCC_OPTIMIZATION_LEVEL = 0;
				GCC_PREPROCESSOR_DEFINITIONS = (
					"DEBUG=1",
					"$(inherited)",
				);
				GCC_SYMBOLS_PRIVATE_EXTERN = NO;
				GCC_WARN_64_TO_32_BIT_CONVERSION = YES;
				GCC_WARN_ABOUT_RETURN_TYPE = YES_ERROR;
				GCC_WARN_UNDECLARED_SELECTOR = YES;
				GCC_WARN_UNINITIALIZED_AUTOS = YES_AGGRESSIVE;
				GCC_WARN_UNUSED_FUNCTION = YES;
				GCC_WARN_UNUSED_VARIABLE = YES;
				IPHONEOS_DEPLOYMENT_TARGET = 8.1;
				MTL_ENABLE_DEBUG_INFO = YES;
				ONLY_ACTIVE_ARCH = YES;
				SDKROOT = iphoneos;
				TARGETED_DEVICE_FAMILY = "1,2";
			};
			name = Debug;
		};
		A236AA9C1AB90B830065745B /* Release */ = {
			isa = XCBuildConfiguration;
			buildSettings = {
				ALWAYS_SEARCH_USER_PATHS = NO;
				CLANG_CXX_LANGUAGE_STANDARD = "gnu++0x";
				CLANG_CXX_LIBRARY = "libc++";
				CLANG_ENABLE_MODULES = YES;
				CLANG_ENABLE_OBJC_ARC = YES;
				CLANG_WARN_BOOL_CONVERSION = YES;
				CLANG_WARN_CONSTANT_CONVERSION = YES;
				CLANG_WARN_DIRECT_OBJC_ISA_USAGE = YES_ERROR;
				CLANG_WARN_EMPTY_BODY = YES;
				CLANG_WARN_ENUM_CONVERSION = YES;
				CLANG_WARN_INT_CONVERSION = YES;
				CLANG_WARN_OBJC_ROOT_CLASS = YES_ERROR;
				CLANG_WARN_UNREACHABLE_CODE = YES;
				CLANG_WARN__DUPLICATE_METHOD_MATCH = YES;
				"CODE_SIGN_IDENTITY[sdk=iphoneos*]" = "iPhone Developer";
				COPY_PHASE_STRIP = YES;
				ENABLE_NS_ASSERTIONS = NO;
				ENABLE_STRICT_OBJC_MSGSEND = YES;
				GCC_C_LANGUAGE_STANDARD = gnu99;
				GCC_WARN_64_TO_32_BIT_CONVERSION = YES;
				GCC_WARN_ABOUT_RETURN_TYPE = YES_ERROR;
				GCC_WARN_UNDECLARED_SELECTOR = YES;
				GCC_WARN_UNINITIALIZED_AUTOS = YES_AGGRESSIVE;
				GCC_WARN_UNUSED_FUNCTION = YES;
				GCC_WARN_UNUSED_VARIABLE = YES;
				IPHONEOS_DEPLOYMENT_TARGET = 8.1;
				MTL_ENABLE_DEBUG_INFO = NO;
				SDKROOT = iphoneos;
				TARGETED_DEVICE_FAMILY = "1,2";
				VALIDATE_PRODUCT = YES;
			};
			name = Release;
		};
		A236AA9E1AB90B830065745B /* Debug */ = {
			isa = XCBuildConfiguration;
			buildSettings = {
				ASSETCATALOG_COMPILER_APPICON_NAME = AppIcon;
				INFOPLIST_FILE = "json tutorial/Info.plist";
				LD_RUNPATH_SEARCH_PATHS = "$(inherited) @executable_path/Frameworks";
				PRODUCT_NAME = "$(TARGET_NAME)";
			};
			name = Debug;
		};
		A236AA9F1AB90B830065745B /* Release */ = {
			isa = XCBuildConfiguration;
			buildSettings = {
				ASSETCATALOG_COMPILER_APPICON_NAME = AppIcon;
				INFOPLIST_FILE = "json tutorial/Info.plist";
				LD_RUNPATH_SEARCH_PATHS = "$(inherited) @executable_path/Frameworks";
				PRODUCT_NAME = "$(TARGET_NAME)";
			};
			name = Release;
		};
		A236AAA11AB90B830065745B /* Debug */ = {
			isa = XCBuildConfiguration;
			buildSettings = {
				BUNDLE_LOADER = "$(TEST_HOST)";
				FRAMEWORK_SEARCH_PATHS = (
					"$(SDKROOT)/Developer/Library/Frameworks",
					"$(inherited)",
				);
				GCC_PREPROCESSOR_DEFINITIONS = (
					"DEBUG=1",
					"$(inherited)",
				);
				INFOPLIST_FILE = "json tutorialTests/Info.plist";
				LD_RUNPATH_SEARCH_PATHS = "$(inherited) @executable_path/Frameworks @loader_path/Frameworks";
				PRODUCT_NAME = "$(TARGET_NAME)";
				TEST_HOST = "$(BUILT_PRODUCTS_DIR)/json tutorial.app/json tutorial";
			};
			name = Debug;
		};
		A236AAA21AB90B830065745B /* Release */ = {
			isa = XCBuildConfiguration;
			buildSettings = {
				BUNDLE_LOADER = "$(TEST_HOST)";
				FRAMEWORK_SEARCH_PATHS = (
					"$(SDKROOT)/Developer/Library/Frameworks",
					"$(inherited)",
				);
				INFOPLIST_FILE = "json tutorialTests/Info.plist";
				LD_RUNPATH_SEARCH_PATHS = "$(inherited) @executable_path/Frameworks @loader_path/Frameworks";
				PRODUCT_NAME = "$(TARGET_NAME)";
				TEST_HOST = "$(BUILT_PRODUCTS_DIR)/json tutorial.app/json tutorial";
			};
			name = Release;
		};
/* End XCBuildConfiguration section */

/* Begin XCConfigurationList section */
		A236AA751AB90B830065745B /* Build configuration list for PBXProject "json tutorial" */ = {
			isa = XCConfigurationList;
			buildConfigurations = (
				A236AA9B1AB90B830065745B /* Debug */,
				A236AA9C1AB90B830065745B /* Release */,
			);
			defaultConfigurationIsVisible = 0;
			defaultConfigurationName = Release;
		};
		A236AA9D1AB90B830065745B /* Build configuration list for PBXNativeTarget "json tutorial" */ = {
			isa = XCConfigurationList;
			buildConfigurations = (
				A236AA9E1AB90B830065745B /* Debug */,
				A236AA9F1AB90B830065745B /* Release */,
			);
			defaultConfigurationIsVisible = 0;
		};
		A236AAA01AB90B830065745B /* Build configuration list for PBXNativeTarget "json tutorialTests" */ = {
			isa = XCConfigurationList;
			buildConfigurations = (
				A236AAA11AB90B830065745B /* Debug */,
				A236AAA21AB90B830065745B /* Release */,
			);
			defaultConfigurationIsVisible = 0;
		};
/* End XCConfigurationList section */
	};
	rootObject = A236AA721AB90B830065745B /* Project object */;
}
